
Microsoft Visual Studio Solution File, Format Version 12.00
# Visual Studio Version 17
VisualStudioVersion = 17.10.34902.84
MinimumVisualStudioVersion = 10.0.40219.1
Project("{FAE04EC0-301F-11D3-BF4B-00C04F79EFBC}") = "PhotoGallery_AspDotNet8_MVC", "PhotoGallery_AspDotNet8_MVC\PhotoGallery_AspDotNet8_MVC.csproj", "{147D99E3-E272-4817-B94C-D09A743569DF}"
EndProject
Global
	GlobalSection(SolutionConfigurationPlatforms) = preSolution
		Debug|Any CPU = Debug|Any CPU
		Release|Any CPU = Release|Any CPU
	EndGlobalSection
	GlobalSection(ProjectConfigurationPlatforms) = postSolution
		{147D99E3-E272-4817-B94C-D09A743569DF}.Debug|Any CPU.ActiveCfg = Debug|Any CPU
		{147D99E3-E272-4817-B94C-D09A743569DF}.Debug|Any CPU.Build.0 = Debug|Any CPU
		{147D99E3-E272-4817-B94C-D09A743569DF}.Release|Any CPU.ActiveCfg = Release|Any CPU
		{147D99E3-E272-4817-B94C-D09A743569DF}.Release|Any CPU.Build.0 = Release|Any CPU
	EndGlobalSection
	GlobalSection(SolutionProperties) = preSolution
		HideSolutionNode = FALSE
	EndGlobalSection
	GlobalSection(ExtensibilityGlobals) = postSolution
		SolutionGuid = {5F16CEDA-D9F9-4875-BC63-5A370BD32AD3}
	EndGlobalSection
EndGlobal
